// !$*UTF8*$!
{
	archiveVersion = 1;
	classes = {
	};
	objectVersion = 55;
	objects = {

/* Begin PBXBuildFile section */
		7B527488279EF39D00A53670 /* NetworkManager.swift in Sources */ = {isa = PBXBuildFile; fileRef = 7B527487279EF39D00A53670 /* NetworkManager.swift */; };
		7B52749127A1272600A53670 /* Trending.swift in Sources */ = {isa = PBXBuildFile; fileRef = 7B52749027A1272600A53670 /* Trending.swift */; };
		7B52749327A16F8A00A53670 /* TabBarController.swift in Sources */ = {isa = PBXBuildFile; fileRef = 7B52749227A16F8A00A53670 /* TabBarController.swift */; };
		7B52749527A171BC00A53670 /* Test.swift in Sources */ = {isa = PBXBuildFile; fileRef = 7B52749427A171BC00A53670 /* Test.swift */; };
		7B52749827A9174700A53670 /* HomePageViewController.swift in Sources */ = {isa = PBXBuildFile; fileRef = 7B52749727A9174700A53670 /* HomePageViewController.swift */; };
		7B52749A27A919B400A53670 /* TrendingCollectionView.swift in Sources */ = {isa = PBXBuildFile; fileRef = 7B52749927A919B400A53670 /* TrendingCollectionView.swift */; };
		7B52749C27A91B9F00A53670 /* TrendingCollectionViewCell.swift in Sources */ = {isa = PBXBuildFile; fileRef = 7B52749B27A91B9F00A53670 /* TrendingCollectionViewCell.swift */; };
		7BC6C45D279ED8BC00237339 /* AppDelegate.swift in Sources */ = {isa = PBXBuildFile; fileRef = 7BC6C45C279ED8BC00237339 /* AppDelegate.swift */; };
		7BC6C45F279ED8BC00237339 /* SceneDelegate.swift in Sources */ = {isa = PBXBuildFile; fileRef = 7BC6C45E279ED8BC00237339 /* SceneDelegate.swift */; };
		7BC6C464279ED8BC00237339 /* Main.storyboard in Resources */ = {isa = PBXBuildFile; fileRef = 7BC6C462279ED8BC00237339 /* Main.storyboard */; };
		7BC6C466279ED8BE00237339 /* Assets.xcassets in Resources */ = {isa = PBXBuildFile; fileRef = 7BC6C465279ED8BE00237339 /* Assets.xcassets */; };
		7BC6C469279ED8BE00237339 /* LaunchScreen.storyboard in Resources */ = {isa = PBXBuildFile; fileRef = 7BC6C467279ED8BE00237339 /* LaunchScreen.storyboard */; };
		7BC6C477279EDC7E00237339 /* MovieDetailsViewModel.swift in Sources */ = {isa = PBXBuildFile; fileRef = 7BC6C476279EDC7D00237339 /* MovieDetailsViewModel.swift */; };
		7BC6C479279EDCC500237339 /* MovieDetailsViewController.swift in Sources */ = {isa = PBXBuildFile; fileRef = 7BC6C478279EDCC500237339 /* MovieDetailsViewController.swift */; };
		7BC6C47C279EDE9400237339 /* MovieDetails.swift in Sources */ = {isa = PBXBuildFile; fileRef = 7BC6C47B279EDE9400237339 /* MovieDetails.swift */; };
/* End PBXBuildFile section */

/* Begin PBXFileReference section */
		7B527487279EF39D00A53670 /* NetworkManager.swift */ = {isa = PBXFileReference; lastKnownFileType = sourcecode.swift; path = NetworkManager.swift; sourceTree = "<group>"; };
		7B52749027A1272600A53670 /* Trending.swift */ = {isa = PBXFileReference; lastKnownFileType = sourcecode.swift; path = Trending.swift; sourceTree = "<group>"; };
		7B52749227A16F8A00A53670 /* TabBarController.swift */ = {isa = PBXFileReference; lastKnownFileType = sourcecode.swift; path = TabBarController.swift; sourceTree = "<group>"; };
		7B52749427A171BC00A53670 /* Test.swift */ = {isa = PBXFileReference; lastKnownFileType = sourcecode.swift; path = Test.swift; sourceTree = "<group>"; };
		7B52749727A9174700A53670 /* HomePageViewController.swift */ = {isa = PBXFileReference; lastKnownFileType = sourcecode.swift; path = HomePageViewController.swift; sourceTree = "<group>"; };
		7B52749927A919B400A53670 /* TrendingCollectionView.swift */ = {isa = PBXFileReference; lastKnownFileType = sourcecode.swift; path = TrendingCollectionView.swift; sourceTree = "<group>"; };
		7B52749B27A91B9F00A53670 /* TrendingCollectionViewCell.swift */ = {isa = PBXFileReference; lastKnownFileType = sourcecode.swift; path = TrendingCollectionViewCell.swift; sourceTree = "<group>"; };
		7BC6C459279ED8BC00237339 /* MovieList.app */ = {isa = PBXFileReference; explicitFileType = wrapper.application; includeInIndex = 0; path = MovieList.app; sourceTree = BUILT_PRODUCTS_DIR; };
		7BC6C45C279ED8BC00237339 /* AppDelegate.swift */ = {isa = PBXFileReference; lastKnownFileType = sourcecode.swift; path = AppDelegate.swift; sourceTree = "<group>"; };
		7BC6C45E279ED8BC00237339 /* SceneDelegate.swift */ = {isa = PBXFileReference; lastKnownFileType = sourcecode.swift; path = SceneDelegate.swift; sourceTree = "<group>"; };
		7BC6C463279ED8BC00237339 /* Base */ = {isa = PBXFileReference; lastKnownFileType = file.storyboard; name = Base; path = Base.lproj/Main.storyboard; sourceTree = "<group>"; };
		7BC6C465279ED8BE00237339 /* Assets.xcassets */ = {isa = PBXFileReference; lastKnownFileType = folder.assetcatalog; path = Assets.xcassets; sourceTree = "<group>"; };
		7BC6C468279ED8BE00237339 /* Base */ = {isa = PBXFileReference; lastKnownFileType = file.storyboard; name = Base; path = Base.lproj/LaunchScreen.storyboard; sourceTree = "<group>"; };
		7BC6C46A279ED8BE00237339 /* Info.plist */ = {isa = PBXFileReference; lastKnownFileType = text.plist.xml; path = Info.plist; sourceTree = "<group>"; };
		7BC6C476279EDC7D00237339 /* MovieDetailsViewModel.swift */ = {isa = PBXFileReference; lastKnownFileType = sourcecode.swift; path = MovieDetailsViewModel.swift; sourceTree = "<group>"; };
		7BC6C478279EDCC500237339 /* MovieDetailsViewController.swift */ = {isa = PBXFileReference; lastKnownFileType = sourcecode.swift; path = MovieDetailsViewController.swift; sourceTree = "<group>"; };
		7BC6C47B279EDE9400237339 /* MovieDetails.swift */ = {isa = PBXFileReference; lastKnownFileType = sourcecode.swift; path = MovieDetails.swift; sourceTree = "<group>"; };
/* End PBXFileReference section */

/* Begin PBXFrameworksBuildPhase section */
		7BC6C456279ED8BC00237339 /* Frameworks */ = {
			isa = PBXFrameworksBuildPhase;
			buildActionMask = 2147483647;
			files = (
			);
			runOnlyForDeploymentPostprocessing = 0;
		};
/* End PBXFrameworksBuildPhase section */

/* Begin PBXGroup section */
		7B527486279EF38700A53670 /* Services */ = {
			isa = PBXGroup;
			children = (
				7B527487279EF39D00A53670 /* NetworkManager.swift */,
			);
			path = Services;
			sourceTree = "<group>";
		};
		7B52749627A9170500A53670 /* HomePage */ = {
			isa = PBXGroup;
			children = (
				7B52749727A9174700A53670 /* HomePageViewController.swift */,
				7B52749927A919B400A53670 /* TrendingCollectionView.swift */,
				7B52749B27A91B9F00A53670 /* TrendingCollectionViewCell.swift */,
			);
			path = HomePage;
			sourceTree = "<group>";
		};
		7BC6C450279ED8BB00237339 = {
			isa = PBXGroup;
			children = (
				7BC6C45B279ED8BC00237339 /* MovieList */,
				7BC6C45A279ED8BC00237339 /* Products */,
			);
			sourceTree = "<group>";
		};
		7BC6C45A279ED8BC00237339 /* Products */ = {
			isa = PBXGroup;
			children = (
				7BC6C459279ED8BC00237339 /* MovieList.app */,
			);
			name = Products;
			sourceTree = "<group>";
		};
		7BC6C45B279ED8BC00237339 /* MovieList */ = {
			isa = PBXGroup;
			children = (
				7B52749627A9170500A53670 /* HomePage */,
				7B527486279EF38700A53670 /* Services */,
				7BC6C471279EDBA800237339 /* MovieDetails */,
				7BC6C47A279EDE6300237339 /* Models */,
				7BC6C475279EDBFF00237339 /* Storyboards */,
				7BC6C474279EDBEF00237339 /* Resources */,
				7BC6C473279EDBD100237339 /* SupportingFiles */,
				7B52749227A16F8A00A53670 /* TabBarController.swift */,
			);
			path = MovieList;
			sourceTree = "<group>";
		};
		7BC6C471279EDBA800237339 /* MovieDetails */ = {
			isa = PBXGroup;
			children = (
				7BC6C478279EDCC500237339 /* MovieDetailsViewController.swift */,
				7BC6C476279EDC7D00237339 /* MovieDetailsViewModel.swift */,
			);
			path = MovieDetails;
			sourceTree = "<group>";
		};
		7BC6C473279EDBD100237339 /* SupportingFiles */ = {
			isa = PBXGroup;
			children = (
				7BC6C45C279ED8BC00237339 /* AppDelegate.swift */,
				7BC6C45E279ED8BC00237339 /* SceneDelegate.swift */,
				7BC6C46A279ED8BE00237339 /* Info.plist */,
			);
			path = SupportingFiles;
			sourceTree = "<group>";
		};
		7BC6C474279EDBEF00237339 /* Resources */ = {
			isa = PBXGroup;
			children = (
				7BC6C465279ED8BE00237339 /* Assets.xcassets */,
			);
			path = Resources;
			sourceTree = "<group>";
		};
		7BC6C475279EDBFF00237339 /* Storyboards */ = {
			isa = PBXGroup;
			children = (
				7BC6C462279ED8BC00237339 /* Main.storyboard */,
				7BC6C467279ED8BE00237339 /* LaunchScreen.storyboard */,
			);
			path = Storyboards;
			sourceTree = "<group>";
		};
		7BC6C47A279EDE6300237339 /* Models */ = {
			isa = PBXGroup;
			children = (
				7BC6C47B279EDE9400237339 /* MovieDetails.swift */,
				7B52749027A1272600A53670 /* Trending.swift */,
				7B52749427A171BC00A53670 /* Test.swift */,
			);
			path = Models;
			sourceTree = "<group>";
		};
/* End PBXGroup section */

/* Begin PBXNativeTarget section */
		7BC6C458279ED8BC00237339 /* MovieList */ = {
			isa = PBXNativeTarget;
			buildConfigurationList = 7BC6C46D279ED8BE00237339 /* Build configuration list for PBXNativeTarget "MovieList" */;
			buildPhases = (
				7BC6C455279ED8BC00237339 /* Sources */,
				7BC6C456279ED8BC00237339 /* Frameworks */,
				7BC6C457279ED8BC00237339 /* Resources */,
			);
			buildRules = (
			);
			dependencies = (
			);
			name = MovieList;
			productName = MovieList;
			productReference = 7BC6C459279ED8BC00237339 /* MovieList.app */;
			productType = "com.apple.product-type.application";
		};
/* End PBXNativeTarget section */

/* Begin PBXProject section */
		7BC6C451279ED8BB00237339 /* Project object */ = {
			isa = PBXProject;
			attributes = {
				BuildIndependentTargetsInParallel = 1;
				LastSwiftUpdateCheck = 1300;
				LastUpgradeCheck = 1300;
				TargetAttributes = {
					7BC6C458279ED8BC00237339 = {
						CreatedOnToolsVersion = 13.0;
					};
				};
			};
			buildConfigurationList = 7BC6C454279ED8BB00237339 /* Build configuration list for PBXProject "MovieList" */;
			compatibilityVersion = "Xcode 13.0";
			developmentRegion = en;
			hasScannedForEncodings = 0;
			knownRegions = (
				en,
				Base,
			);
			mainGroup = 7BC6C450279ED8BB00237339;
			productRefGroup = 7BC6C45A279ED8BC00237339 /* Products */;
			projectDirPath = "";
			projectRoot = "";
			targets = (
				7BC6C458279ED8BC00237339 /* MovieList */,
			);
		};
/* End PBXProject section */

/* Begin PBXResourcesBuildPhase section */
		7BC6C457279ED8BC00237339 /* Resources */ = {
			isa = PBXResourcesBuildPhase;
			buildActionMask = 2147483647;
			files = (
				7BC6C469279ED8BE00237339 /* LaunchScreen.storyboard in Resources */,
				7BC6C466279ED8BE00237339 /* Assets.xcassets in Resources */,
				7BC6C464279ED8BC00237339 /* Main.storyboard in Resources */,
			);
			runOnlyForDeploymentPostprocessing = 0;
		};
/* End PBXResourcesBuildPhase section */

/* Begin PBXSourcesBuildPhase section */
		7BC6C455279ED8BC00237339 /* Sources */ = {
			isa = PBXSourcesBuildPhase;
			buildActionMask = 2147483647;
			files = (
				7B527488279EF39D00A53670 /* NetworkManager.swift in Sources */,
				7B52749327A16F8A00A53670 /* TabBarController.swift in Sources */,
				7B52749C27A91B9F00A53670 /* TrendingCollectionViewCell.swift in Sources */,
				7B52749527A171BC00A53670 /* Test.swift in Sources */,
				7B52749127A1272600A53670 /* Trending.swift in Sources */,
				7BC6C479279EDCC500237339 /* MovieDetailsViewController.swift in Sources */,
				7BC6C477279EDC7E00237339 /* MovieDetailsViewModel.swift in Sources */,
				7BC6C45D279ED8BC00237339 /* AppDelegate.swift in Sources */,
				7BC6C47C279EDE9400237339 /* MovieDetails.swift in Sources */,
				7B52749827A9174700A53670 /* HomePageViewController.swift in Sources */,
				7B52749A27A919B400A53670 /* TrendingCollectionView.swift in Sources */,
				7BC6C45F279ED8BC00237339 /* SceneDelegate.swift in Sources */,
			);
			runOnlyForDeploymentPostprocessing = 0;
		};
/* End PBXSourcesBuildPhase section */

/* Begin PBXVariantGroup section */
		7BC6C462279ED8BC00237339 /* Main.storyboard */ = {
			isa = PBXVariantGroup;
			children = (
				7BC6C463279ED8BC00237339 /* Base */,
			);
			name = Main.storyboard;
			sourceTree = "<group>";
		};
		7BC6C467279ED8BE00237339 /* LaunchScreen.storyboard */ = {
			isa = PBXVariantGroup;
			children = (
				7BC6C468279ED8BE00237339 /* Base */,
			);
			name = LaunchScreen.storyboard;
			sourceTree = "<group>";
		};
/* End PBXVariantGroup section */

/* Begin XCBuildConfiguration section */
		7BC6C46B279ED8BE00237339 /* Debug */ = {
			isa = XCBuildConfiguration;
			buildSettings = {
				ALWAYS_SEARCH_USER_PATHS = NO;
				CLANG_ANALYZER_NONNULL = YES;
				CLANG_ANALYZER_NUMBER_OBJECT_CONVERSION = YES_AGGRESSIVE;
				CLANG_CXX_LANGUAGE_STANDARD = "gnu++17";
				CLANG_CXX_LIBRARY = "libc++";
				CLANG_ENABLE_MODULES = YES;
				CLANG_ENABLE_OBJC_ARC = YES;
				CLANG_ENABLE_OBJC_WEAK = YES;
				CLANG_WARN_BLOCK_CAPTURE_AUTORELEASING = YES;
				CLANG_WARN_BOOL_CONVERSION = YES;
				CLANG_WARN_COMMA = YES;
				CLANG_WARN_CONSTANT_CONVERSION = YES;
				CLANG_WARN_DEPRECATED_OBJC_IMPLEMENTATIONS = YES;
				CLANG_WARN_DIRECT_OBJC_ISA_USAGE = YES_ERROR;
				CLANG_WARN_DOCUMENTATION_COMMENTS = YES;
				CLANG_WARN_EMPTY_BODY = YES;
				CLANG_WARN_ENUM_CONVERSION = YES;
				CLANG_WARN_INFINITE_RECURSION = YES;
				CLANG_WARN_INT_CONVERSION = YES;
				CLANG_WARN_NON_LITERAL_NULL_CONVERSION = YES;
				CLANG_WARN_OBJC_IMPLICIT_RETAIN_SELF = YES;
				CLANG_WARN_OBJC_LITERAL_CONVERSION = YES;
				CLANG_WARN_OBJC_ROOT_CLASS = YES_ERROR;
				CLANG_WARN_QUOTED_INCLUDE_IN_FRAMEWORK_HEADER = YES;
				CLANG_WARN_RANGE_LOOP_ANALYSIS = YES;
				CLANG_WARN_STRICT_PROTOTYPES = YES;
				CLANG_WARN_SUSPICIOUS_MOVE = YES;
				CLANG_WARN_UNGUARDED_AVAILABILITY = YES_AGGRESSIVE;
				CLANG_WARN_UNREACHABLE_CODE = YES;
				CLANG_WARN__DUPLICATE_METHOD_MATCH = YES;
				COPY_PHASE_STRIP = NO;
				DEBUG_INFORMATION_FORMAT = dwarf;
				ENABLE_STRICT_OBJC_MSGSEND = YES;
				ENABLE_TESTABILITY = YES;
				GCC_C_LANGUAGE_STANDARD = gnu11;
				GCC_DYNAMIC_NO_PIC = NO;
				GCC_NO_COMMON_BLOCKS = YES;
				GCC_OPTIMIZATION_LEVEL = 0;
				GCC_PREPROCESSOR_DEFINITIONS = (
					"DEBUG=1",
					"$(inherited)",
				);
				GCC_WARN_64_TO_32_BIT_CONVERSION = YES;
				GCC_WARN_ABOUT_RETURN_TYPE = YES_ERROR;
				GCC_WARN_UNDECLARED_SELECTOR = YES;
				GCC_WARN_UNINITIALIZED_AUTOS = YES_AGGRESSIVE;
				GCC_WARN_UNUSED_FUNCTION = YES;
				GCC_WARN_UNUSED_VARIABLE = YES;
				IPHONEOS_DEPLOYMENT_TARGET = 15.0;
				MTL_ENABLE_DEBUG_INFO = INCLUDE_SOURCE;
				MTL_FAST_MATH = YES;
				ONLY_ACTIVE_ARCH = YES;
				SDKROOT = iphoneos;
				SWIFT_ACTIVE_COMPILATION_CONDITIONS = DEBUG;
				SWIFT_OPTIMIZATION_LEVEL = "-Onone";
			};
			name = Debug;
		};
		7BC6C46C279ED8BE00237339 /* Release */ = {
			isa = XCBuildConfiguration;
			buildSettings = {
				ALWAYS_SEARCH_USER_PATHS = NO;
				CLANG_ANALYZER_NONNULL = YES;
				CLANG_ANALYZER_NUMBER_OBJECT_CONVERSION = YES_AGGRESSIVE;
				CLANG_CXX_LANGUAGE_STANDARD = "gnu++17";
				CLANG_CXX_LIBRARY = "libc++";
				CLANG_ENABLE_MODULES = YES;
				CLANG_ENABLE_OBJC_ARC = YES;
				CLANG_ENABLE_OBJC_WEAK = YES;
				CLANG_WARN_BLOCK_CAPTURE_AUTORELEASING = YES;
				CLANG_WARN_BOOL_CONVERSION = YES;
				CLANG_WARN_COMMA = YES;
				CLANG_WARN_CONSTANT_CONVERSION = YES;
				CLANG_WARN_DEPRECATED_OBJC_IMPLEMENTATIONS = YES;
				CLANG_WARN_DIRECT_OBJC_ISA_USAGE = YES_ERROR;
				CLANG_WARN_DOCUMENTATION_COMMENTS = YES;
				CLANG_WARN_EMPTY_BODY = YES;
				CLANG_WARN_ENUM_CONVERSION = YES;
				CLANG_WARN_INFINITE_RECURSION = YES;
				CLANG_WARN_INT_CONVERSION = YES;
				CLANG_WARN_NON_LITERAL_NULL_CONVERSION = YES;
				CLANG_WARN_OBJC_IMPLICIT_RETAIN_SELF = YES;
				CLANG_WARN_OBJC_LITERAL_CONVERSION = YES;
				CLANG_WARN_OBJC_ROOT_CLASS = YES_ERROR;
				CLANG_WARN_QUOTED_INCLUDE_IN_FRAMEWORK_HEADER = YES;
				CLANG_WARN_RANGE_LOOP_ANALYSIS = YES;
				CLANG_WARN_STRICT_PROTOTYPES = YES;
				CLANG_WARN_SUSPICIOUS_MOVE = YES;
				CLANG_WARN_UNGUARDED_AVAILABILITY = YES_AGGRESSIVE;
				CLANG_WARN_UNREACHABLE_CODE = YES;
				CLANG_WARN__DUPLICATE_METHOD_MATCH = YES;
				COPY_PHASE_STRIP = NO;
				DEBUG_INFORMATION_FORMAT = "dwarf-with-dsym";
				ENABLE_NS_ASSERTIONS = NO;
				ENABLE_STRICT_OBJC_MSGSEND = YES;
				GCC_C_LANGUAGE_STANDARD = gnu11;
				GCC_NO_COMMON_BLOCKS = YES;
				GCC_WARN_64_TO_32_BIT_CONVERSION = YES;
				GCC_WARN_ABOUT_RETURN_TYPE = YES_ERROR;
				GCC_WARN_UNDECLARED_SELECTOR = YES;
				GCC_WARN_UNINITIALIZED_AUTOS = YES_AGGRESSIVE;
				GCC_WARN_UNUSED_FUNCTION = YES;
				GCC_WARN_UNUSED_VARIABLE = YES;
				IPHONEOS_DEPLOYMENT_TARGET = 15.0;
				MTL_ENABLE_DEBUG_INFO = NO;
				MTL_FAST_MATH = YES;
				SDKROOT = iphoneos;
				SWIFT_COMPILATION_MODE = wholemodule;
				SWIFT_OPTIMIZATION_LEVEL = "-O";
				VALIDATE_PRODUCT = YES;
			};
			name = Release;
		};
		7BC6C46E279ED8BE00237339 /* Debug */ = {
			isa = XCBuildConfiguration;
			buildSettings = {
				ASSETCATALOG_COMPILER_APPICON_NAME = AppIcon;
				ASSETCATALOG_COMPILER_GLOBAL_ACCENT_COLOR_NAME = AccentColor;
				CODE_SIGN_STYLE = Automatic;
				CURRENT_PROJECT_VERSION = 1;
				DEVELOPMENT_TEAM = J64K7CHM53;
				GENERATE_INFOPLIST_FILE = YES;
				INFOPLIST_FILE = MovieList/SupportingFiles/Info.plist;
				INFOPLIST_KEY_UIApplicationSupportsIndirectInputEvents = YES;
				INFOPLIST_KEY_UILaunchStoryboardName = LaunchScreen;
				INFOPLIST_KEY_UIMainStoryboardFile = Main;
				INFOPLIST_KEY_UISupportedInterfaceOrientations = "UIInterfaceOrientationPortrait UIInterfaceOrientationLandscapeLeft UIInterfaceOrientationLandscapeRight";
				INFOPLIST_KEY_UISupportedInterfaceOrientations_iPad = "UIInterfaceOrientationPortrait UIInterfaceOrientationPortraitUpsideDown UIInterfaceOrientationLandscapeLeft UIInterfaceOrientationLandscapeRight";
				INFOPLIST_KEY_UISupportedInterfaceOrientations_iPhone = "UIInterfaceOrientationPortrait UIInterfaceOrientationLandscapeLeft UIInterfaceOrientationLandscapeRight";
				IPHONEOS_DEPLOYMENT_TARGET = 13.0;
				LD_RUNPATH_SEARCH_PATHS = (
					"$(inherited)",
					"@executable_path/Frameworks",
				);
				MARKETING_VERSION = 1.0;
				PRODUCT_BUNDLE_IDENTIFIER = ru.swiftbook.MovieList;
				PRODUCT_NAME = "$(TARGET_NAME)";
				SWIFT_EMIT_LOC_STRINGS = YES;
				SWIFT_VERSION = 5.0;
				TARGETED_DEVICE_FAMILY = "1,2";
			};
			name = Debug;
		};
		7BC6C46F279ED8BE00237339 /* Release */ = {
			isa = XCBuildConfiguration;
			buildSettings = {
				ASSETCATALOG_COMPILER_APPICON_NAME = AppIcon;
				ASSETCATALOG_COMPILER_GLOBAL_ACCENT_COLOR_NAME = AccentColor;
				CODE_SIGN_STYLE = Automatic;
				CURRENT_PROJECT_VERSION = 1;
				DEVELOPMENT_TEAM = J64K7CHM53;
				GENERATE_INFOPLIST_FILE = YES;
				INFOPLIST_FILE = MovieList/SupportingFiles/Info.plist;
				INFOPLIST_KEY_UIApplicationSupportsIndirectInputEvents = YES;
				INFOPLIST_KEY_UILaunchStoryboardName = LaunchScreen;
				INFOPLIST_KEY_UIMainStoryboardFile = Main;
				INFOPLIST_KEY_UISupportedInterfaceOrientations = "UIInterfaceOrientationPortrait UIInterfaceOrientationLandscapeLeft UIInterfaceOrientationLandscapeRight";
				INFOPLIST_KEY_UISupportedInterfaceOrientations_iPad = "UIInterfaceOrientationPortrait UIInterfaceOrientationPortraitUpsideDown UIInterfaceOrientationLandscapeLeft UIInterfaceOrientationLandscapeRight";
				INFOPLIST_KEY_UISupportedInterfaceOrientations_iPhone = "UIInterfaceOrientationPortrait UIInterfaceOrientationLandscapeLeft UIInterfaceOrientationLandscapeRight";
				IPHONEOS_DEPLOYMENT_TARGET = 13.0;
				LD_RUNPATH_SEARCH_PATHS = (
					"$(inherited)",
					"@executable_path/Frameworks",
				);
				MARKETING_VERSION = 1.0;
				PRODUCT_BUNDLE_IDENTIFIER = ru.swiftbook.MovieList;
				PRODUCT_NAME = "$(TARGET_NAME)";
				SWIFT_EMIT_LOC_STRINGS = YES;
				SWIFT_VERSION = 5.0;
				TARGETED_DEVICE_FAMILY = "1,2";
			};
			name = Release;
		};
/* End XCBuildConfiguration section */

/* Begin XCConfigurationList section */
		7BC6C454279ED8BB00237339 /* Build configuration list for PBXProject "MovieList" */ = {
			isa = XCConfigurationList;
			buildConfigurations = (
				7BC6C46B279ED8BE00237339 /* Debug */,
				7BC6C46C279ED8BE00237339 /* Release */,
			);
			defaultConfigurationIsVisible = 0;
			defaultConfigurationName = Release;
		};
		7BC6C46D279ED8BE00237339 /* Build configuration list for PBXNativeTarget "MovieList" */ = {
			isa = XCConfigurationList;
			buildConfigurations = (
				7BC6C46E279ED8BE00237339 /* Debug */,
				7BC6C46F279ED8BE00237339 /* Release */,
			);
			defaultConfigurationIsVisible = 0;
			defaultConfigurationName = Release;
		};
/* End XCConfigurationList section */
	};
	rootObject = 7BC6C451279ED8BB00237339 /* Project object */;
}
